# This file is autogenerated, do not edit; changes may be undone by the next 'dep ensure'.


[[projects]]
  branch = "master"
  name = "github.com/julienschmidt/httprouter"
  packages = ["."]
  revision = "975b5c4c7c21c0e3d2764200bf2aa8e34657ae6e"

[[projects]]
  branch = "master"
  name = "github.com/lib/pq"
  packages = [".","oid"]
  revision = "017e4c14d80628353eaee677a1aeffe47a10c0dc"

[solve-meta]
  analyzer-name = "dep"
  analyzer-version = 1
  inputs-digest = "322d8924c425cb09808b47b317627d18cd71b0c48710df491f2bd01606bf8c31"
  solver-name = "gps-cdcl"
  solver-version = 1
